
Microsoft Visual Studio Solution File, Format Version 12.00
# Visual Studio Version 16
VisualStudioVersion = 16.0.30907.101
MinimumVisualStudioVersion = 10.0.40219.1
Project("{FAE04EC0-301F-11D3-BF4B-00C04F79EFBC}") = "List", "List.csproj", "{4FD066D7-9F5F-447F-9EEF-564809FC66BC}"
EndProject
Global
	GlobalSection(SolutionConfigurationPlatforms) = preSolution
		Debug|Any CPU = Debug|Any CPU
		Release|Any CPU = Release|Any CPU
	EndGlobalSection
	GlobalSection(ProjectConfigurationPlatforms) = postSolution
		{4FD066D7-9F5F-447F-9EEF-564809FC66BC}.Debug|Any CPU.ActiveCfg = Debug|Any CPU
		{4FD066D7-9F5F-447F-9EEF-564809FC66BC}.Debug|Any CPU.Build.0 = Debug|Any CPU
		{4FD066D7-9F5F-447F-9EEF-564809FC66BC}.Release|Any CPU.ActiveCfg = Release|Any CPU
		{4FD066D7-9F5F-447F-9EEF-564809FC66BC}.Release|Any CPU.Build.0 = Release|Any CPU
	EndGlobalSection
	GlobalSection(SolutionProperties) = preSolution
		HideSolutionNode = FALSE
	EndGlobalSection
	GlobalSection(ExtensibilityGlobals) = postSolution
		SolutionGuid = {1E67F1CA-137C-4621-BE1D-4AF090D98464}
	EndGlobalSection
EndGlobal
