
Microsoft Visual Studio Solution File, Format Version 12.00
# Visual Studio Version 16
VisualStudioVersion = 16.0.30907.101
MinimumVisualStudioVersion = 10.0.40219.1
Project("{FAE04EC0-301F-11D3-BF4B-00C04F79EFBC}") = "Queue", "Queue.csproj", "{A089E385-E01E-42D2-8959-DC101910CC14}"
EndProject
Global
	GlobalSection(SolutionConfigurationPlatforms) = preSolution
		Debug|Any CPU = Debug|Any CPU
		Release|Any CPU = Release|Any CPU
	EndGlobalSection
	GlobalSection(ProjectConfigurationPlatforms) = postSolution
		{A089E385-E01E-42D2-8959-DC101910CC14}.Debug|Any CPU.ActiveCfg = Debug|Any CPU
		{A089E385-E01E-42D2-8959-DC101910CC14}.Debug|Any CPU.Build.0 = Debug|Any CPU
		{A089E385-E01E-42D2-8959-DC101910CC14}.Release|Any CPU.ActiveCfg = Release|Any CPU
		{A089E385-E01E-42D2-8959-DC101910CC14}.Release|Any CPU.Build.0 = Release|Any CPU
	EndGlobalSection
	GlobalSection(SolutionProperties) = preSolution
		HideSolutionNode = FALSE
	EndGlobalSection
	GlobalSection(ExtensibilityGlobals) = postSolution
		SolutionGuid = {D2012B5D-4008-460F-B0BE-BCC82257A52F}
	EndGlobalSection
EndGlobal
