
Microsoft Visual Studio Solution File, Format Version 12.00
# Visual Studio Version 16
VisualStudioVersion = 16.0.30907.101
MinimumVisualStudioVersion = 10.0.40219.1
Project("{FAE04EC0-301F-11D3-BF4B-00C04F79EFBC}") = "Two_Classes_One_Interface", "Two_Classes_One_Interface.csproj", "{CC01DFCC-AD32-4A64-8AF2-E3287745B0A3}"
EndProject
Global
	GlobalSection(SolutionConfigurationPlatforms) = preSolution
		Debug|Any CPU = Debug|Any CPU
		Release|Any CPU = Release|Any CPU
	EndGlobalSection
	GlobalSection(ProjectConfigurationPlatforms) = postSolution
		{CC01DFCC-AD32-4A64-8AF2-E3287745B0A3}.Debug|Any CPU.ActiveCfg = Debug|Any CPU
		{CC01DFCC-AD32-4A64-8AF2-E3287745B0A3}.Debug|Any CPU.Build.0 = Debug|Any CPU
		{CC01DFCC-AD32-4A64-8AF2-E3287745B0A3}.Release|Any CPU.ActiveCfg = Release|Any CPU
		{CC01DFCC-AD32-4A64-8AF2-E3287745B0A3}.Release|Any CPU.Build.0 = Release|Any CPU
	EndGlobalSection
	GlobalSection(SolutionProperties) = preSolution
		HideSolutionNode = FALSE
	EndGlobalSection
	GlobalSection(ExtensibilityGlobals) = postSolution
		SolutionGuid = {C795D995-BBF1-43E8-9FFE-03CFC738053D}
	EndGlobalSection
EndGlobal
